
Microsoft Visual Studio Solution File, Format Version 12.00
# Visual Studio Version 17
VisualStudioVersion = 17.7.34024.191
MinimumVisualStudioVersion = 10.0.40219.1
Project("{FAE04EC0-301F-11D3-BF4B-00C04F79EFBC}") = "Test", "Test.csproj", "{074E87D7-AB52-4F5A-9EB6-FE2E3D1631FF}"
EndProject
Global
	GlobalSection(SolutionConfigurationPlatforms) = preSolution
		Debug|Any CPU = Debug|Any CPU
		Release|Any CPU = Release|Any CPU
	EndGlobalSection
	GlobalSection(ProjectConfigurationPlatforms) = postSolution
		{074E87D7-AB52-4F5A-9EB6-FE2E3D1631FF}.Debug|Any CPU.ActiveCfg = Debug|Any CPU
		{074E87D7-AB52-4F5A-9EB6-FE2E3D1631FF}.Debug|Any CPU.Build.0 = Debug|Any CPU
		{074E87D7-AB52-4F5A-9EB6-FE2E3D1631FF}.Release|Any CPU.ActiveCfg = Release|Any CPU
		{074E87D7-AB52-4F5A-9EB6-FE2E3D1631FF}.Release|Any CPU.Build.0 = Release|Any CPU
	EndGlobalSection
	GlobalSection(SolutionProperties) = preSolution
		HideSolutionNode = FALSE
	EndGlobalSection
	GlobalSection(ExtensibilityGlobals) = postSolution
		SolutionGuid = {3298B534-9697-42EB-84E0-A937273DCFE0}
	EndGlobalSection
EndGlobal
