
Microsoft Visual Studio Solution File, Format Version 12.00
# Visual Studio Version 17
VisualStudioVersion = 17.6.33829.357
MinimumVisualStudioVersion = 10.0.40219.1
Project("{FAE04EC0-301F-11D3-BF4B-00C04F79EFBC}") = "06Array1D-EX-DSPS2", "06Array1D-EX-DSPS2.csproj", "{C23FEA3D-E2CA-426F-B050-0D8F7AD3F26B}"
EndProject
Global
	GlobalSection(SolutionConfigurationPlatforms) = preSolution
		Debug|Any CPU = Debug|Any CPU
		Release|Any CPU = Release|Any CPU
	EndGlobalSection
	GlobalSection(ProjectConfigurationPlatforms) = postSolution
		{C23FEA3D-E2CA-426F-B050-0D8F7AD3F26B}.Debug|Any CPU.ActiveCfg = Debug|Any CPU
		{C23FEA3D-E2CA-426F-B050-0D8F7AD3F26B}.Debug|Any CPU.Build.0 = Debug|Any CPU
		{C23FEA3D-E2CA-426F-B050-0D8F7AD3F26B}.Release|Any CPU.ActiveCfg = Release|Any CPU
		{C23FEA3D-E2CA-426F-B050-0D8F7AD3F26B}.Release|Any CPU.Build.0 = Release|Any CPU
	EndGlobalSection
	GlobalSection(SolutionProperties) = preSolution
		HideSolutionNode = FALSE
	EndGlobalSection
	GlobalSection(ExtensibilityGlobals) = postSolution
		SolutionGuid = {ACE11344-65AD-4F8A-815C-7FBFE6D95E1F}
	EndGlobalSection
EndGlobal
