
Microsoft Visual Studio Solution File, Format Version 12.00
# Visual Studio Version 17
VisualStudioVersion = 17.6.33829.357
MinimumVisualStudioVersion = 10.0.40219.1
Project("{FAE04EC0-301F-11D3-BF4B-00C04F79EFBC}") = "02ValidAge-DSPS2", "02ValidAge-DSPS2.csproj", "{BFE3D135-3DB1-4CBB-88D1-BDB3B422B606}"
EndProject
Global
	GlobalSection(SolutionConfigurationPlatforms) = preSolution
		Debug|Any CPU = Debug|Any CPU
		Release|Any CPU = Release|Any CPU
	EndGlobalSection
	GlobalSection(ProjectConfigurationPlatforms) = postSolution
		{BFE3D135-3DB1-4CBB-88D1-BDB3B422B606}.Debug|Any CPU.ActiveCfg = Debug|Any CPU
		{BFE3D135-3DB1-4CBB-88D1-BDB3B422B606}.Debug|Any CPU.Build.0 = Debug|Any CPU
		{BFE3D135-3DB1-4CBB-88D1-BDB3B422B606}.Release|Any CPU.ActiveCfg = Release|Any CPU
		{BFE3D135-3DB1-4CBB-88D1-BDB3B422B606}.Release|Any CPU.Build.0 = Release|Any CPU
	EndGlobalSection
	GlobalSection(SolutionProperties) = preSolution
		HideSolutionNode = FALSE
	EndGlobalSection
	GlobalSection(ExtensibilityGlobals) = postSolution
		SolutionGuid = {C55D710F-6D54-4AA7-AA97-F7A3984AD57E}
	EndGlobalSection
EndGlobal
