
Microsoft Visual Studio Solution File, Format Version 12.00
# Visual Studio Version 17
VisualStudioVersion = 17.7.34221.43
MinimumVisualStudioVersion = 10.0.40219.1
Project("{FAE04EC0-301F-11D3-BF4B-00C04F79EFBC}") = "BigOrSmallPond-DSPS2", "BigOrSmallPond-DSPS2.csproj", "{D0D1BFC4-52C9-492B-AB31-8C819FFC5DD3}"
EndProject
Global
	GlobalSection(SolutionConfigurationPlatforms) = preSolution
		Debug|Any CPU = Debug|Any CPU
		Release|Any CPU = Release|Any CPU
	EndGlobalSection
	GlobalSection(ProjectConfigurationPlatforms) = postSolution
		{D0D1BFC4-52C9-492B-AB31-8C819FFC5DD3}.Debug|Any CPU.ActiveCfg = Debug|Any CPU
		{D0D1BFC4-52C9-492B-AB31-8C819FFC5DD3}.Debug|Any CPU.Build.0 = Debug|Any CPU
		{D0D1BFC4-52C9-492B-AB31-8C819FFC5DD3}.Release|Any CPU.ActiveCfg = Release|Any CPU
		{D0D1BFC4-52C9-492B-AB31-8C819FFC5DD3}.Release|Any CPU.Build.0 = Release|Any CPU
	EndGlobalSection
	GlobalSection(SolutionProperties) = preSolution
		HideSolutionNode = FALSE
	EndGlobalSection
	GlobalSection(ExtensibilityGlobals) = postSolution
		SolutionGuid = {698E7B5F-84E9-4CFF-80DA-393FE538CD03}
	EndGlobalSection
EndGlobal
