
Microsoft Visual Studio Solution File, Format Version 12.00
# Visual Studio Version 17
VisualStudioVersion = 17.6.33829.357
MinimumVisualStudioVersion = 10.0.40219.1
Project("{FAE04EC0-301F-11D3-BF4B-00C04F79EFBC}") = "05HarryPotter02-DSPS1", "05HarryPotter02-DSPS1.csproj", "{C2B31B94-2B72-4C43-9A5F-F765F7A642B1}"
EndProject
Global
	GlobalSection(SolutionConfigurationPlatforms) = preSolution
		Debug|Any CPU = Debug|Any CPU
		Release|Any CPU = Release|Any CPU
	EndGlobalSection
	GlobalSection(ProjectConfigurationPlatforms) = postSolution
		{C2B31B94-2B72-4C43-9A5F-F765F7A642B1}.Debug|Any CPU.ActiveCfg = Debug|Any CPU
		{C2B31B94-2B72-4C43-9A5F-F765F7A642B1}.Debug|Any CPU.Build.0 = Debug|Any CPU
		{C2B31B94-2B72-4C43-9A5F-F765F7A642B1}.Release|Any CPU.ActiveCfg = Release|Any CPU
		{C2B31B94-2B72-4C43-9A5F-F765F7A642B1}.Release|Any CPU.Build.0 = Release|Any CPU
	EndGlobalSection
	GlobalSection(SolutionProperties) = preSolution
		HideSolutionNode = FALSE
	EndGlobalSection
	GlobalSection(ExtensibilityGlobals) = postSolution
		SolutionGuid = {8D0B5BF0-B463-4CF4-BCEE-5A6AC155905E}
	EndGlobalSection
EndGlobal
