
Microsoft Visual Studio Solution File, Format Version 12.00
# Visual Studio Version 17
VisualStudioVersion = 17.7.34221.43
MinimumVisualStudioVersion = 10.0.40219.1
Project("{FAE04EC0-301F-11D3-BF4B-00C04F79EFBC}") = "06Rapport-ADI", "06Rapport-ADI.csproj", "{48C40F6F-4F77-4191-A2F6-17C1B1EB850D}"
EndProject
Global
	GlobalSection(SolutionConfigurationPlatforms) = preSolution
		Debug|Any CPU = Debug|Any CPU
		Release|Any CPU = Release|Any CPU
	EndGlobalSection
	GlobalSection(ProjectConfigurationPlatforms) = postSolution
		{48C40F6F-4F77-4191-A2F6-17C1B1EB850D}.Debug|Any CPU.ActiveCfg = Debug|Any CPU
		{48C40F6F-4F77-4191-A2F6-17C1B1EB850D}.Debug|Any CPU.Build.0 = Debug|Any CPU
		{48C40F6F-4F77-4191-A2F6-17C1B1EB850D}.Release|Any CPU.ActiveCfg = Release|Any CPU
		{48C40F6F-4F77-4191-A2F6-17C1B1EB850D}.Release|Any CPU.Build.0 = Release|Any CPU
	EndGlobalSection
	GlobalSection(SolutionProperties) = preSolution
		HideSolutionNode = FALSE
	EndGlobalSection
	GlobalSection(ExtensibilityGlobals) = postSolution
		SolutionGuid = {6E7079CB-BA9A-4C29-BAB1-42A07A49DBDD}
	EndGlobalSection
EndGlobal
