
Microsoft Visual Studio Solution File, Format Version 12.00
# Visual Studio Version 17
VisualStudioVersion = 17.6.33829.357
MinimumVisualStudioVersion = 10.0.40219.1
Project("{FAE04EC0-301F-11D3-BF4B-00C04F79EFBC}") = "02InputOutput-ADI", "02InputOutput-ADI.csproj", "{B52EC659-1BB2-4562-B89B-2FF3CE6A1E83}"
EndProject
Global
	GlobalSection(SolutionConfigurationPlatforms) = preSolution
		Debug|Any CPU = Debug|Any CPU
		Release|Any CPU = Release|Any CPU
	EndGlobalSection
	GlobalSection(ProjectConfigurationPlatforms) = postSolution
		{B52EC659-1BB2-4562-B89B-2FF3CE6A1E83}.Debug|Any CPU.ActiveCfg = Debug|Any CPU
		{B52EC659-1BB2-4562-B89B-2FF3CE6A1E83}.Debug|Any CPU.Build.0 = Debug|Any CPU
		{B52EC659-1BB2-4562-B89B-2FF3CE6A1E83}.Release|Any CPU.ActiveCfg = Release|Any CPU
		{B52EC659-1BB2-4562-B89B-2FF3CE6A1E83}.Release|Any CPU.Build.0 = Release|Any CPU
	EndGlobalSection
	GlobalSection(SolutionProperties) = preSolution
		HideSolutionNode = FALSE
	EndGlobalSection
	GlobalSection(ExtensibilityGlobals) = postSolution
		SolutionGuid = {22457226-9457-48A2-A3A5-929B8733B4DE}
	EndGlobalSection
EndGlobal
