
Microsoft Visual Studio Solution File, Format Version 12.00
# Visual Studio Version 17
VisualStudioVersion = 17.6.33829.357
MinimumVisualStudioVersion = 10.0.40219.1
Project("{FAE04EC0-301F-11D3-BF4B-00C04F79EFBC}") = "04While-DSPS", "04While-DSPS.csproj", "{2F27CAC5-84D6-4AD2-B5FE-5EC79CA74BDA}"
EndProject
Global
	GlobalSection(SolutionConfigurationPlatforms) = preSolution
		Debug|Any CPU = Debug|Any CPU
		Release|Any CPU = Release|Any CPU
	EndGlobalSection
	GlobalSection(ProjectConfigurationPlatforms) = postSolution
		{2F27CAC5-84D6-4AD2-B5FE-5EC79CA74BDA}.Debug|Any CPU.ActiveCfg = Debug|Any CPU
		{2F27CAC5-84D6-4AD2-B5FE-5EC79CA74BDA}.Debug|Any CPU.Build.0 = Debug|Any CPU
		{2F27CAC5-84D6-4AD2-B5FE-5EC79CA74BDA}.Release|Any CPU.ActiveCfg = Release|Any CPU
		{2F27CAC5-84D6-4AD2-B5FE-5EC79CA74BDA}.Release|Any CPU.Build.0 = Release|Any CPU
	EndGlobalSection
	GlobalSection(SolutionProperties) = preSolution
		HideSolutionNode = FALSE
	EndGlobalSection
	GlobalSection(ExtensibilityGlobals) = postSolution
		SolutionGuid = {18EF596C-D4A7-43EC-9CF0-6A018930B3C9}
	EndGlobalSection
EndGlobal
