
Microsoft Visual Studio Solution File, Format Version 12.00
# Visual Studio Version 17
VisualStudioVersion = 17.7.34221.43
MinimumVisualStudioVersion = 10.0.40219.1
Project("{FAE04EC0-301F-11D3-BF4B-00C04F79EFBC}") = "WordNest-ADI", "WordNest-ADI.csproj", "{86372896-006D-40CC-9467-114FBF427058}"
EndProject
Global
	GlobalSection(SolutionConfigurationPlatforms) = preSolution
		Debug|Any CPU = Debug|Any CPU
		Release|Any CPU = Release|Any CPU
	EndGlobalSection
	GlobalSection(ProjectConfigurationPlatforms) = postSolution
		{86372896-006D-40CC-9467-114FBF427058}.Debug|Any CPU.ActiveCfg = Debug|Any CPU
		{86372896-006D-40CC-9467-114FBF427058}.Debug|Any CPU.Build.0 = Debug|Any CPU
		{86372896-006D-40CC-9467-114FBF427058}.Release|Any CPU.ActiveCfg = Release|Any CPU
		{86372896-006D-40CC-9467-114FBF427058}.Release|Any CPU.Build.0 = Release|Any CPU
	EndGlobalSection
	GlobalSection(SolutionProperties) = preSolution
		HideSolutionNode = FALSE
	EndGlobalSection
	GlobalSection(ExtensibilityGlobals) = postSolution
		SolutionGuid = {06EA334F-8CBF-49D2-A695-A692E1AD9BCE}
	EndGlobalSection
EndGlobal
