
Microsoft Visual Studio Solution File, Format Version 12.00
# Visual Studio Version 17
VisualStudioVersion = 17.6.33829.357
MinimumVisualStudioVersion = 10.0.40219.1
Project("{FAE04EC0-301F-11D3-BF4B-00C04F79EFBC}") = "05Files-Reading-DSPS2", "05Files-Reading-DSPS2.csproj", "{DCA3FFC4-163C-4161-B59D-F6ABDD7B8FC5}"
EndProject
Global
	GlobalSection(SolutionConfigurationPlatforms) = preSolution
		Debug|Any CPU = Debug|Any CPU
		Release|Any CPU = Release|Any CPU
	EndGlobalSection
	GlobalSection(ProjectConfigurationPlatforms) = postSolution
		{DCA3FFC4-163C-4161-B59D-F6ABDD7B8FC5}.Debug|Any CPU.ActiveCfg = Debug|Any CPU
		{DCA3FFC4-163C-4161-B59D-F6ABDD7B8FC5}.Debug|Any CPU.Build.0 = Debug|Any CPU
		{DCA3FFC4-163C-4161-B59D-F6ABDD7B8FC5}.Release|Any CPU.ActiveCfg = Release|Any CPU
		{DCA3FFC4-163C-4161-B59D-F6ABDD7B8FC5}.Release|Any CPU.Build.0 = Release|Any CPU
	EndGlobalSection
	GlobalSection(SolutionProperties) = preSolution
		HideSolutionNode = FALSE
	EndGlobalSection
	GlobalSection(ExtensibilityGlobals) = postSolution
		SolutionGuid = {8DCD7874-E486-4DB5-87AF-8E707DB64DFC}
	EndGlobalSection
EndGlobal
