
Microsoft Visual Studio Solution File, Format Version 12.00
# Visual Studio Version 17
VisualStudioVersion = 17.6.33829.357
MinimumVisualStudioVersion = 10.0.40219.1
Project("{FAE04EC0-301F-11D3-BF4B-00C04F79EFBC}") = "06ARRAY2D-DSPS1", "06ARRAY2D-DSPS1.csproj", "{C09678D4-FDE3-4CDA-A946-A6698282AC5E}"
EndProject
Global
	GlobalSection(SolutionConfigurationPlatforms) = preSolution
		Debug|Any CPU = Debug|Any CPU
		Release|Any CPU = Release|Any CPU
	EndGlobalSection
	GlobalSection(ProjectConfigurationPlatforms) = postSolution
		{C09678D4-FDE3-4CDA-A946-A6698282AC5E}.Debug|Any CPU.ActiveCfg = Debug|Any CPU
		{C09678D4-FDE3-4CDA-A946-A6698282AC5E}.Debug|Any CPU.Build.0 = Debug|Any CPU
		{C09678D4-FDE3-4CDA-A946-A6698282AC5E}.Release|Any CPU.ActiveCfg = Release|Any CPU
		{C09678D4-FDE3-4CDA-A946-A6698282AC5E}.Release|Any CPU.Build.0 = Release|Any CPU
	EndGlobalSection
	GlobalSection(SolutionProperties) = preSolution
		HideSolutionNode = FALSE
	EndGlobalSection
	GlobalSection(ExtensibilityGlobals) = postSolution
		SolutionGuid = {D3A338DF-FC09-4B4B-885A-A5E5EDE1E0F3}
	EndGlobalSection
EndGlobal
