
Microsoft Visual Studio Solution File, Format Version 12.00
# Visual Studio Version 17
VisualStudioVersion = 17.7.34221.43
MinimumVisualStudioVersion = 10.0.40219.1
Project("{FAE04EC0-301F-11D3-BF4B-00C04F79EFBC}") = "08Lists-ADI", "08Lists-ADI.csproj", "{1BBE7FA2-7274-492E-B47A-B4507E6E3DD1}"
EndProject
Global
	GlobalSection(SolutionConfigurationPlatforms) = preSolution
		Debug|Any CPU = Debug|Any CPU
		Release|Any CPU = Release|Any CPU
	EndGlobalSection
	GlobalSection(ProjectConfigurationPlatforms) = postSolution
		{1BBE7FA2-7274-492E-B47A-B4507E6E3DD1}.Debug|Any CPU.ActiveCfg = Debug|Any CPU
		{1BBE7FA2-7274-492E-B47A-B4507E6E3DD1}.Debug|Any CPU.Build.0 = Debug|Any CPU
		{1BBE7FA2-7274-492E-B47A-B4507E6E3DD1}.Release|Any CPU.ActiveCfg = Release|Any CPU
		{1BBE7FA2-7274-492E-B47A-B4507E6E3DD1}.Release|Any CPU.Build.0 = Release|Any CPU
	EndGlobalSection
	GlobalSection(SolutionProperties) = preSolution
		HideSolutionNode = FALSE
	EndGlobalSection
	GlobalSection(ExtensibilityGlobals) = postSolution
		SolutionGuid = {9144AFAD-FAFF-4216-A759-B591F5E8B54C}
	EndGlobalSection
EndGlobal
