
Microsoft Visual Studio Solution File, Format Version 12.00
# Visual Studio Version 17
VisualStudioVersion = 17.7.34221.43
MinimumVisualStudioVersion = 10.0.40219.1
Project("{FAE04EC0-301F-11D3-BF4B-00C04F79EFBC}") = "MixItUp-DSPS2", "MixItUp-DSPS2.csproj", "{D0366361-9C84-401B-9CAF-40805A34B74B}"
EndProject
Global
	GlobalSection(SolutionConfigurationPlatforms) = preSolution
		Debug|Any CPU = Debug|Any CPU
		Release|Any CPU = Release|Any CPU
	EndGlobalSection
	GlobalSection(ProjectConfigurationPlatforms) = postSolution
		{D0366361-9C84-401B-9CAF-40805A34B74B}.Debug|Any CPU.ActiveCfg = Debug|Any CPU
		{D0366361-9C84-401B-9CAF-40805A34B74B}.Debug|Any CPU.Build.0 = Debug|Any CPU
		{D0366361-9C84-401B-9CAF-40805A34B74B}.Release|Any CPU.ActiveCfg = Release|Any CPU
		{D0366361-9C84-401B-9CAF-40805A34B74B}.Release|Any CPU.Build.0 = Release|Any CPU
	EndGlobalSection
	GlobalSection(SolutionProperties) = preSolution
		HideSolutionNode = FALSE
	EndGlobalSection
	GlobalSection(ExtensibilityGlobals) = postSolution
		SolutionGuid = {1B3C6946-ACD5-497C-B37B-241504AA2E7C}
	EndGlobalSection
EndGlobal
