
Microsoft Visual Studio Solution File, Format Version 12.00
# Visual Studio Version 17
VisualStudioVersion = 17.7.34221.43
MinimumVisualStudioVersion = 10.0.40219.1
Project("{FAE04EC0-301F-11D3-BF4B-00C04F79EFBC}") = "11OO-Lesrooster-ADI", "11OO-Lesrooster-ADI.csproj", "{109D65BE-B2A8-43E1-8E1D-130704258956}"
EndProject
Global
	GlobalSection(SolutionConfigurationPlatforms) = preSolution
		Debug|Any CPU = Debug|Any CPU
		Release|Any CPU = Release|Any CPU
	EndGlobalSection
	GlobalSection(ProjectConfigurationPlatforms) = postSolution
		{109D65BE-B2A8-43E1-8E1D-130704258956}.Debug|Any CPU.ActiveCfg = Debug|Any CPU
		{109D65BE-B2A8-43E1-8E1D-130704258956}.Debug|Any CPU.Build.0 = Debug|Any CPU
		{109D65BE-B2A8-43E1-8E1D-130704258956}.Release|Any CPU.ActiveCfg = Release|Any CPU
		{109D65BE-B2A8-43E1-8E1D-130704258956}.Release|Any CPU.Build.0 = Release|Any CPU
	EndGlobalSection
	GlobalSection(SolutionProperties) = preSolution
		HideSolutionNode = FALSE
	EndGlobalSection
	GlobalSection(ExtensibilityGlobals) = postSolution
		SolutionGuid = {31598060-C8B2-4561-AD64-A854D37456FB}
	EndGlobalSection
EndGlobal
