
Microsoft Visual Studio Solution File, Format Version 12.00
# Visual Studio Version 17
VisualStudioVersion = 17.7.34221.43
MinimumVisualStudioVersion = 10.0.40219.1
Project("{FAE04EC0-301F-11D3-BF4B-00C04F79EFBC}") = "Punctuation-ADI", "Punctuation-ADI.csproj", "{5BFA6EB8-23B2-4480-95A3-F8F6B3F8D28F}"
EndProject
Global
	GlobalSection(SolutionConfigurationPlatforms) = preSolution
		Debug|Any CPU = Debug|Any CPU
		Release|Any CPU = Release|Any CPU
	EndGlobalSection
	GlobalSection(ProjectConfigurationPlatforms) = postSolution
		{5BFA6EB8-23B2-4480-95A3-F8F6B3F8D28F}.Debug|Any CPU.ActiveCfg = Debug|Any CPU
		{5BFA6EB8-23B2-4480-95A3-F8F6B3F8D28F}.Debug|Any CPU.Build.0 = Debug|Any CPU
		{5BFA6EB8-23B2-4480-95A3-F8F6B3F8D28F}.Release|Any CPU.ActiveCfg = Release|Any CPU
		{5BFA6EB8-23B2-4480-95A3-F8F6B3F8D28F}.Release|Any CPU.Build.0 = Release|Any CPU
	EndGlobalSection
	GlobalSection(SolutionProperties) = preSolution
		HideSolutionNode = FALSE
	EndGlobalSection
	GlobalSection(ExtensibilityGlobals) = postSolution
		SolutionGuid = {4DD4D42D-5694-4229-871A-A522AEB4CAA0}
	EndGlobalSection
EndGlobal
