
Microsoft Visual Studio Solution File, Format Version 12.00
# Visual Studio Version 17
VisualStudioVersion = 17.7.34221.43
MinimumVisualStudioVersion = 10.0.40219.1
Project("{FAE04EC0-301F-11D3-BF4B-00C04F79EFBC}") = "09MethodsProject-DSPS1", "09MethodsProject-DSPS1.csproj", "{3E457BBF-6E01-4345-B5F0-BBF67C957121}"
EndProject
Global
	GlobalSection(SolutionConfigurationPlatforms) = preSolution
		Debug|Any CPU = Debug|Any CPU
		Release|Any CPU = Release|Any CPU
	EndGlobalSection
	GlobalSection(ProjectConfigurationPlatforms) = postSolution
		{3E457BBF-6E01-4345-B5F0-BBF67C957121}.Debug|Any CPU.ActiveCfg = Debug|Any CPU
		{3E457BBF-6E01-4345-B5F0-BBF67C957121}.Debug|Any CPU.Build.0 = Debug|Any CPU
		{3E457BBF-6E01-4345-B5F0-BBF67C957121}.Release|Any CPU.ActiveCfg = Release|Any CPU
		{3E457BBF-6E01-4345-B5F0-BBF67C957121}.Release|Any CPU.Build.0 = Release|Any CPU
	EndGlobalSection
	GlobalSection(SolutionProperties) = preSolution
		HideSolutionNode = FALSE
	EndGlobalSection
	GlobalSection(ExtensibilityGlobals) = postSolution
		SolutionGuid = {0FBA8D43-128A-4AC6-BCA8-13349892C190}
	EndGlobalSection
EndGlobal
