
Microsoft Visual Studio Solution File, Format Version 12.00
# Visual Studio Version 17
VisualStudioVersion = 17.6.33829.357
MinimumVisualStudioVersion = 10.0.40219.1
Project("{FAE04EC0-301F-11D3-BF4B-00C04F79EFBC}") = "02SUM(testcodegrade)-ADI", "02SUM(testcodegrade)-ADI.csproj", "{D84F9F4B-9E43-4A2F-9B2B-78433A998DBA}"
EndProject
Global
	GlobalSection(SolutionConfigurationPlatforms) = preSolution
		Debug|Any CPU = Debug|Any CPU
		Release|Any CPU = Release|Any CPU
	EndGlobalSection
	GlobalSection(ProjectConfigurationPlatforms) = postSolution
		{D84F9F4B-9E43-4A2F-9B2B-78433A998DBA}.Debug|Any CPU.ActiveCfg = Debug|Any CPU
		{D84F9F4B-9E43-4A2F-9B2B-78433A998DBA}.Debug|Any CPU.Build.0 = Debug|Any CPU
		{D84F9F4B-9E43-4A2F-9B2B-78433A998DBA}.Release|Any CPU.ActiveCfg = Release|Any CPU
		{D84F9F4B-9E43-4A2F-9B2B-78433A998DBA}.Release|Any CPU.Build.0 = Release|Any CPU
	EndGlobalSection
	GlobalSection(SolutionProperties) = preSolution
		HideSolutionNode = FALSE
	EndGlobalSection
	GlobalSection(ExtensibilityGlobals) = postSolution
		SolutionGuid = {9D117AC0-9285-4690-BF87-7D8354B56C96}
	EndGlobalSection
EndGlobal
