
Microsoft Visual Studio Solution File, Format Version 12.00
# Visual Studio Version 17
VisualStudioVersion = 17.7.34221.43
MinimumVisualStudioVersion = 10.0.40219.1
Project("{FAE04EC0-301F-11D3-BF4B-00C04F79EFBC}") = "Reverse-DSPS1", "Reverse-DSPS1.csproj", "{11E5ED93-8C40-44DB-96C8-694D1057838F}"
EndProject
Global
	GlobalSection(SolutionConfigurationPlatforms) = preSolution
		Debug|Any CPU = Debug|Any CPU
		Release|Any CPU = Release|Any CPU
	EndGlobalSection
	GlobalSection(ProjectConfigurationPlatforms) = postSolution
		{11E5ED93-8C40-44DB-96C8-694D1057838F}.Debug|Any CPU.ActiveCfg = Debug|Any CPU
		{11E5ED93-8C40-44DB-96C8-694D1057838F}.Debug|Any CPU.Build.0 = Debug|Any CPU
		{11E5ED93-8C40-44DB-96C8-694D1057838F}.Release|Any CPU.ActiveCfg = Release|Any CPU
		{11E5ED93-8C40-44DB-96C8-694D1057838F}.Release|Any CPU.Build.0 = Release|Any CPU
	EndGlobalSection
	GlobalSection(SolutionProperties) = preSolution
		HideSolutionNode = FALSE
	EndGlobalSection
	GlobalSection(ExtensibilityGlobals) = postSolution
		SolutionGuid = {F533E535-417F-4713-B391-9D9D3B21ACF8}
	EndGlobalSection
EndGlobal
