
Microsoft Visual Studio Solution File, Format Version 12.00
# Visual Studio Version 17
VisualStudioVersion = 17.6.33829.357
MinimumVisualStudioVersion = 10.0.40219.1
Project("{FAE04EC0-301F-11D3-BF4B-00C04F79EFBC}") = "02Char4th-DSPS2", "02Char4th-DSPS2.csproj", "{EECB78E3-760A-4818-B916-FD5686328F09}"
EndProject
Global
	GlobalSection(SolutionConfigurationPlatforms) = preSolution
		Debug|Any CPU = Debug|Any CPU
		Release|Any CPU = Release|Any CPU
	EndGlobalSection
	GlobalSection(ProjectConfigurationPlatforms) = postSolution
		{EECB78E3-760A-4818-B916-FD5686328F09}.Debug|Any CPU.ActiveCfg = Debug|Any CPU
		{EECB78E3-760A-4818-B916-FD5686328F09}.Debug|Any CPU.Build.0 = Debug|Any CPU
		{EECB78E3-760A-4818-B916-FD5686328F09}.Release|Any CPU.ActiveCfg = Release|Any CPU
		{EECB78E3-760A-4818-B916-FD5686328F09}.Release|Any CPU.Build.0 = Release|Any CPU
	EndGlobalSection
	GlobalSection(SolutionProperties) = preSolution
		HideSolutionNode = FALSE
	EndGlobalSection
	GlobalSection(ExtensibilityGlobals) = postSolution
		SolutionGuid = {A6A3EAA9-D1EC-45FD-AB1B-1B5EE0F4DD98}
	EndGlobalSection
EndGlobal
