
Microsoft Visual Studio Solution File, Format Version 12.00
# Visual Studio Version 17
VisualStudioVersion = 17.6.33829.357
MinimumVisualStudioVersion = 10.0.40219.1
Project("{FAE04EC0-301F-11D3-BF4B-00C04F79EFBC}") = "05Files-Reading-DSPS1", "05Files-Reading-DSPS1.csproj", "{4836BA76-37F9-4F23-8959-286C75A478CC}"
EndProject
Global
	GlobalSection(SolutionConfigurationPlatforms) = preSolution
		Debug|Any CPU = Debug|Any CPU
		Release|Any CPU = Release|Any CPU
	EndGlobalSection
	GlobalSection(ProjectConfigurationPlatforms) = postSolution
		{4836BA76-37F9-4F23-8959-286C75A478CC}.Debug|Any CPU.ActiveCfg = Debug|Any CPU
		{4836BA76-37F9-4F23-8959-286C75A478CC}.Debug|Any CPU.Build.0 = Debug|Any CPU
		{4836BA76-37F9-4F23-8959-286C75A478CC}.Release|Any CPU.ActiveCfg = Release|Any CPU
		{4836BA76-37F9-4F23-8959-286C75A478CC}.Release|Any CPU.Build.0 = Release|Any CPU
	EndGlobalSection
	GlobalSection(SolutionProperties) = preSolution
		HideSolutionNode = FALSE
	EndGlobalSection
	GlobalSection(ExtensibilityGlobals) = postSolution
		SolutionGuid = {B22F8B7D-BD34-4E4F-B71E-E47EAC934ED9}
	EndGlobalSection
EndGlobal
