
Microsoft Visual Studio Solution File, Format Version 12.00
# Visual Studio Version 17
VisualStudioVersion = 17.7.34024.191
MinimumVisualStudioVersion = 10.0.40219.1
Project("{FAE04EC0-301F-11D3-BF4B-00C04F79EFBC}") = "InputOutput", "InputOutput.csproj", "{A227F6BD-03F4-4FA2-9B97-9117AFD86E65}"
EndProject
Global
	GlobalSection(SolutionConfigurationPlatforms) = preSolution
		Debug|Any CPU = Debug|Any CPU
		Release|Any CPU = Release|Any CPU
	EndGlobalSection
	GlobalSection(ProjectConfigurationPlatforms) = postSolution
		{A227F6BD-03F4-4FA2-9B97-9117AFD86E65}.Debug|Any CPU.ActiveCfg = Debug|Any CPU
		{A227F6BD-03F4-4FA2-9B97-9117AFD86E65}.Debug|Any CPU.Build.0 = Debug|Any CPU
		{A227F6BD-03F4-4FA2-9B97-9117AFD86E65}.Release|Any CPU.ActiveCfg = Release|Any CPU
		{A227F6BD-03F4-4FA2-9B97-9117AFD86E65}.Release|Any CPU.Build.0 = Release|Any CPU
	EndGlobalSection
	GlobalSection(SolutionProperties) = preSolution
		HideSolutionNode = FALSE
	EndGlobalSection
	GlobalSection(ExtensibilityGlobals) = postSolution
		SolutionGuid = {952B1F9F-5866-43EA-95CB-C313DA5C5682}
	EndGlobalSection
EndGlobal
