
Microsoft Visual Studio Solution File, Format Version 12.00
# Visual Studio Version 17
VisualStudioVersion = 17.6.33829.357
MinimumVisualStudioVersion = 10.0.40219.1
Project("{FAE04EC0-301F-11D3-BF4B-00C04F79EFBC}") = "05HarryPotterCharacter03-ADI", "05HarryPotterCharacter03-ADI.csproj", "{70BBAEAD-1FAE-4E71-9C1B-26ECD099ED36}"
EndProject
Global
	GlobalSection(SolutionConfigurationPlatforms) = preSolution
		Debug|Any CPU = Debug|Any CPU
		Release|Any CPU = Release|Any CPU
	EndGlobalSection
	GlobalSection(ProjectConfigurationPlatforms) = postSolution
		{70BBAEAD-1FAE-4E71-9C1B-26ECD099ED36}.Debug|Any CPU.ActiveCfg = Debug|Any CPU
		{70BBAEAD-1FAE-4E71-9C1B-26ECD099ED36}.Debug|Any CPU.Build.0 = Debug|Any CPU
		{70BBAEAD-1FAE-4E71-9C1B-26ECD099ED36}.Release|Any CPU.ActiveCfg = Release|Any CPU
		{70BBAEAD-1FAE-4E71-9C1B-26ECD099ED36}.Release|Any CPU.Build.0 = Release|Any CPU
	EndGlobalSection
	GlobalSection(SolutionProperties) = preSolution
		HideSolutionNode = FALSE
	EndGlobalSection
	GlobalSection(ExtensibilityGlobals) = postSolution
		SolutionGuid = {351C3B3C-008D-4485-956B-383AB783A96A}
	EndGlobalSection
EndGlobal
