
Microsoft Visual Studio Solution File, Format Version 12.00
# Visual Studio Version 17
VisualStudioVersion = 17.6.33829.357
MinimumVisualStudioVersion = 10.0.40219.1
Project("{FAE04EC0-301F-11D3-BF4B-00C04F79EFBC}") = "03Switch-ADI", "03Switch-ADI.csproj", "{9BB5343D-FB39-40D7-AAF7-5ABED3938FA5}"
EndProject
Global
	GlobalSection(SolutionConfigurationPlatforms) = preSolution
		Debug|Any CPU = Debug|Any CPU
		Release|Any CPU = Release|Any CPU
	EndGlobalSection
	GlobalSection(ProjectConfigurationPlatforms) = postSolution
		{9BB5343D-FB39-40D7-AAF7-5ABED3938FA5}.Debug|Any CPU.ActiveCfg = Debug|Any CPU
		{9BB5343D-FB39-40D7-AAF7-5ABED3938FA5}.Debug|Any CPU.Build.0 = Debug|Any CPU
		{9BB5343D-FB39-40D7-AAF7-5ABED3938FA5}.Release|Any CPU.ActiveCfg = Release|Any CPU
		{9BB5343D-FB39-40D7-AAF7-5ABED3938FA5}.Release|Any CPU.Build.0 = Release|Any CPU
	EndGlobalSection
	GlobalSection(SolutionProperties) = preSolution
		HideSolutionNode = FALSE
	EndGlobalSection
	GlobalSection(ExtensibilityGlobals) = postSolution
		SolutionGuid = {C38031E3-4C1F-4D70-A7F7-0E98330BC421}
	EndGlobalSection
EndGlobal
