
Microsoft Visual Studio Solution File, Format Version 12.00
# Visual Studio Version 17
VisualStudioVersion = 17.7.34221.43
MinimumVisualStudioVersion = 10.0.40219.1
Project("{FAE04EC0-301F-11D3-BF4B-00C04F79EFBC}") = "10RevisionMethods-DSPS2", "10RevisionMethods-DSPS2.csproj", "{99F0CB72-8F11-4C14-9FEE-29365A28CC0F}"
EndProject
Global
	GlobalSection(SolutionConfigurationPlatforms) = preSolution
		Debug|Any CPU = Debug|Any CPU
		Release|Any CPU = Release|Any CPU
	EndGlobalSection
	GlobalSection(ProjectConfigurationPlatforms) = postSolution
		{99F0CB72-8F11-4C14-9FEE-29365A28CC0F}.Debug|Any CPU.ActiveCfg = Debug|Any CPU
		{99F0CB72-8F11-4C14-9FEE-29365A28CC0F}.Debug|Any CPU.Build.0 = Debug|Any CPU
		{99F0CB72-8F11-4C14-9FEE-29365A28CC0F}.Release|Any CPU.ActiveCfg = Release|Any CPU
		{99F0CB72-8F11-4C14-9FEE-29365A28CC0F}.Release|Any CPU.Build.0 = Release|Any CPU
	EndGlobalSection
	GlobalSection(SolutionProperties) = preSolution
		HideSolutionNode = FALSE
	EndGlobalSection
	GlobalSection(ExtensibilityGlobals) = postSolution
		SolutionGuid = {5315886F-D97C-471C-8910-1C708FC07CF1}
	EndGlobalSection
EndGlobal
