
Microsoft Visual Studio Solution File, Format Version 12.00
# Visual Studio Version 17
VisualStudioVersion = 17.7.34221.43
MinimumVisualStudioVersion = 10.0.40219.1
Project("{FAE04EC0-301F-11D3-BF4B-00C04F79EFBC}") = "06ARRAY2D-ADI", "06ARRAY2D-ADI.csproj", "{4CF47697-6C6E-498B-BCCF-8CA27BA6879F}"
EndProject
Global
	GlobalSection(SolutionConfigurationPlatforms) = preSolution
		Debug|Any CPU = Debug|Any CPU
		Release|Any CPU = Release|Any CPU
	EndGlobalSection
	GlobalSection(ProjectConfigurationPlatforms) = postSolution
		{4CF47697-6C6E-498B-BCCF-8CA27BA6879F}.Debug|Any CPU.ActiveCfg = Debug|Any CPU
		{4CF47697-6C6E-498B-BCCF-8CA27BA6879F}.Debug|Any CPU.Build.0 = Debug|Any CPU
		{4CF47697-6C6E-498B-BCCF-8CA27BA6879F}.Release|Any CPU.ActiveCfg = Release|Any CPU
		{4CF47697-6C6E-498B-BCCF-8CA27BA6879F}.Release|Any CPU.Build.0 = Release|Any CPU
	EndGlobalSection
	GlobalSection(SolutionProperties) = preSolution
		HideSolutionNode = FALSE
	EndGlobalSection
	GlobalSection(ExtensibilityGlobals) = postSolution
		SolutionGuid = {C20D69E7-B569-47C0-8532-6B3587006993}
	EndGlobalSection
EndGlobal
